// !$*UTF8*$!
{
	archiveVersion = 1;
	classes = {
	};
	objectVersion = 50;
	objects = {

/* Begin PBXBuildFile section */
		F13E6C9A249CFEDC004B6C2E /* Grid.swift in Sources */ = {isa = PBXBuildFile; fileRef = F13E6C99249CFEDC004B6C2E /* Grid.swift */; };
		F13E6CA4249D5964004B6C2E /* GridLayout.swift in Sources */ = {isa = PBXBuildFile; fileRef = F13E6CA3249D5964004B6C2E /* GridLayout.swift */; };
		F13E6CA6249D606C004B6C2E /* Array+Identifiable.swift in Sources */ = {isa = PBXBuildFile; fileRef = F13E6CA5249D606C004B6C2E /* Array+Identifiable.swift */; };
		F1C3D6382496DD3A0007B90F /* MemoryGame.swift in Sources */ = {isa = PBXBuildFile; fileRef = F1C3D6372496DD3A0007B90F /* MemoryGame.swift */; };
		F1C3D63A2496DF330007B90F /* EmojiMemoryGame.swift in Sources */ = {isa = PBXBuildFile; fileRef = F1C3D6392496DF330007B90F /* EmojiMemoryGame.swift */; };
		F1D74A712494444100706DAD /* AppDelegate.swift in Sources */ = {isa = PBXBuildFile; fileRef = F1D74A702494444100706DAD /* AppDelegate.swift */; };
		F1D74A732494444100706DAD /* SceneDelegate.swift in Sources */ = {isa = PBXBuildFile; fileRef = F1D74A722494444100706DAD /* SceneDelegate.swift */; };
		F1D74A752494444100706DAD /* EmojiMemoryGameView.swift in Sources */ = {isa = PBXBuildFile; fileRef = F1D74A742494444100706DAD /* EmojiMemoryGameView.swift */; };
		F1D74A772494444200706DAD /* Assets.xcassets in Resources */ = {isa = PBXBuildFile; fileRef = F1D74A762494444200706DAD /* Assets.xcassets */; };
		F1D74A7A2494444200706DAD /* Preview Assets.xcassets in Resources */ = {isa = PBXBuildFile; fileRef = F1D74A792494444200706DAD /* Preview Assets.xcassets */; };
		F1D74A7D2494444200706DAD /* LaunchScreen.storyboard in Resources */ = {isa = PBXBuildFile; fileRef = F1D74A7B2494444200706DAD /* LaunchScreen.storyboard */; };
/* End PBXBuildFile section */

/* Begin PBXFileReference section */
		F13E6C99249CFEDC004B6C2E /* Grid.swift */ = {isa = PBXFileReference; lastKnownFileType = sourcecode.swift; path = Grid.swift; sourceTree = "<group>"; };
		F13E6CA3249D5964004B6C2E /* GridLayout.swift */ = {isa = PBXFileReference; fileEncoding = 4; lastKnownFileType = sourcecode.swift; name = GridLayout.swift; path = ../../../Downloads/GridLayout.swift; sourceTree = "<group>"; };
		F13E6CA5249D606C004B6C2E /* Array+Identifiable.swift */ = {isa = PBXFileReference; lastKnownFileType = sourcecode.swift; path = "Array+Identifiable.swift"; sourceTree = "<group>"; };
		F1C3D6372496DD3A0007B90F /* MemoryGame.swift */ = {isa = PBXFileReference; lastKnownFileType = sourcecode.swift; path = MemoryGame.swift; sourceTree = "<group>"; };
		F1C3D6392496DF330007B90F /* EmojiMemoryGame.swift */ = {isa = PBXFileReference; lastKnownFileType = sourcecode.swift; path = EmojiMemoryGame.swift; sourceTree = "<group>"; };
		F1D74A6D2494444100706DAD /* Memorize.app */ = {isa = PBXFileReference; explicitFileType = wrapper.application; includeInIndex = 0; path = Memorize.app; sourceTree = BUILT_PRODUCTS_DIR; };
		F1D74A702494444100706DAD /* AppDelegate.swift */ = {isa = PBXFileReference; lastKnownFileType = sourcecode.swift; path = AppDelegate.swift; sourceTree = "<group>"; };
		F1D74A722494444100706DAD /* SceneDelegate.swift */ = {isa = PBXFileReference; lastKnownFileType = sourcecode.swift; path = SceneDelegate.swift; sourceTree = "<group>"; };
		F1D74A742494444100706DAD /* EmojiMemoryGameView.swift */ = {isa = PBXFileReference; lastKnownFileType = sourcecode.swift; path = EmojiMemoryGameView.swift; sourceTree = "<group>"; };
		F1D74A762494444200706DAD /* Assets.xcassets */ = {isa = PBXFileReference; lastKnownFileType = folder.assetcatalog; path = Assets.xcassets; sourceTree = "<group>"; };
		F1D74A792494444200706DAD /* Preview Assets.xcassets */ = {isa = PBXFileReference; lastKnownFileType = folder.assetcatalog; path = "Preview Assets.xcassets"; sourceTree = "<group>"; };
		F1D74A7C2494444200706DAD /* Base */ = {isa = PBXFileReference; lastKnownFileType = file.storyboard; name = Base; path = Base.lproj/LaunchScreen.storyboard; sourceTree = "<group>"; };
		F1D74A7E2494444200706DAD /* Info.plist */ = {isa = PBXFileReference; lastKnownFileType = text.plist.xml; path = Info.plist; sourceTree = "<group>"; };
		F1D74A842496DBA000706DAD /* Memorize.entitlements */ = {isa = PBXFileReference; lastKnownFileType = text.plist.entitlements; path = Memorize.entitlements; sourceTree = "<group>"; };
/* End PBXFileReference section */

/* Begin PBXFrameworksBuildPhase section */
		F1D74A6A2494444100706DAD /* Frameworks */ = {
			isa = PBXFrameworksBuildPhase;
			buildActionMask = 2147483647;
			files = (
			);
			runOnlyForDeploymentPostprocessing = 0;
		};
/* End PBXFrameworksBuildPhase section */

/* Begin PBXGroup section */
		F1D74A642494444100706DAD = {
			isa = PBXGroup;
			children = (
				F1D74A6F2494444100706DAD /* Memorize */,
				F1D74A6E2494444100706DAD /* Products */,
			);
			sourceTree = "<group>";
		};
		F1D74A6E2494444100706DAD /* Products */ = {
			isa = PBXGroup;
			children = (
				F1D74A6D2494444100706DAD /* Memorize.app */,
			);
			name = Products;
			sourceTree = "<group>";
		};
		F1D74A6F2494444100706DAD /* Memorize */ = {
			isa = PBXGroup;
			children = (
				F1D74A842496DBA000706DAD /* Memorize.entitlements */,
				F1D74A702494444100706DAD /* AppDelegate.swift */,
				F1D74A722494444100706DAD /* SceneDelegate.swift */,
				F1D74A742494444100706DAD /* EmojiMemoryGameView.swift */,
				F1C3D6392496DF330007B90F /* EmojiMemoryGame.swift */,
				F1C3D6372496DD3A0007B90F /* MemoryGame.swift */,
				F13E6CA5249D606C004B6C2E /* Array+Identifiable.swift */,
				F13E6C99249CFEDC004B6C2E /* Grid.swift */,
				F13E6CA3249D5964004B6C2E /* GridLayout.swift */,
				F1D74A762494444200706DAD /* Assets.xcassets */,
				F1D74A7B2494444200706DAD /* LaunchScreen.storyboard */,
				F1D74A7E2494444200706DAD /* Info.plist */,
				F1D74A782494444200706DAD /* Preview Content */,
			);
			path = Memorize;
			sourceTree = "<group>";
		};
		F1D74A782494444200706DAD /* Preview Content */ = {
			isa = PBXGroup;
			children = (
				F1D74A792494444200706DAD /* Preview Assets.xcassets */,
			);
			path = "Preview Content";
			sourceTree = "<group>";
		};
/* End PBXGroup section */

/* Begin PBXNativeTarget section */
		F1D74A6C2494444100706DAD /* Memorize */ = {
			isa = PBXNativeTarget;
			buildConfigurationList = F1D74A812494444200706DAD /* Build configuration list for PBXNativeTarget "Memorize" */;
			buildPhases = (
				F1D74A692494444100706DAD /* Sources */,
				F1D74A6A2494444100706DAD /* Frameworks */,
				F1D74A6B2494444100706DAD /* Resources */,
			);
			buildRules = (
			);
			dependencies = (
			);
			name = Memorize;
			productName = MemoryGame;
			productReference = F1D74A6D2494444100706DAD /* Memorize.app */;
			productType = "com.apple.product-type.application";
		};
/* End PBXNativeTarget section */

/* Begin PBXProject section */
		F1D74A652494444100706DAD /* Project object */ = {
			isa = PBXProject;
			attributes = {
				LastSwiftUpdateCheck = 1150;
				LastUpgradeCheck = 1150;
				ORGANIZATIONNAME = Suica;
				TargetAttributes = {
					F1D74A6C2494444100706DAD = {
						CreatedOnToolsVersion = 11.5;
					};
				};
			};
			buildConfigurationList = F1D74A682494444100706DAD /* Build configuration list for PBXProject "Memorize" */;
			compatibilityVersion = "Xcode 9.3";
			developmentRegion = en;
			hasScannedForEncodings = 0;
			knownRegions = (
				en,
				Base,
			);
			mainGroup = F1D74A642494444100706DAD;
			productRefGroup = F1D74A6E2494444100706DAD /* Products */;
			projectDirPath = "";
			projectRoot = "";
			targets = (
				F1D74A6C2494444100706DAD /* Memorize */,
			);
		};
/* End PBXProject section */

/* Begin PBXResourcesBuildPhase section */
		F1D74A6B2494444100706DAD /* Resources */ = {
			isa = PBXResourcesBuildPhase;
			buildActionMask = 2147483647;
			files = (
				F1D74A7D2494444200706DAD /* LaunchScreen.storyboard in Resources */,
				F1D74A7A2494444200706DAD /* Preview Assets.xcassets in Resources */,
				F1D74A772494444200706DAD /* Assets.xcassets in Resources */,
			);
			runOnlyForDeploymentPostprocessing = 0;
		};
/* End PBXResourcesBuildPhase section */

/* Begin PBXSourcesBuildPhase section */
		F1D74A692494444100706DAD /* Sources */ = {
			isa = PBXSourcesBuildPhase;
			buildActionMask = 2147483647;
			files = (
				F1D74A712494444100706DAD /* AppDelegate.swift in Sources */,
				F1D74A732494444100706DAD /* SceneDelegate.swift in Sources */,
				F1C3D6382496DD3A0007B90F /* MemoryGame.swift in Sources */,
				F1D74A752494444100706DAD /* EmojiMemoryGameView.swift in Sources */,
				F1C3D63A2496DF330007B90F /* EmojiMemoryGame.swift in Sources */,
				F13E6CA6249D606C004B6C2E /* Array+Identifiable.swift in Sources */,
				F13E6CA4249D5964004B6C2E /* GridLayout.swift in Sources */,
				F13E6C9A249CFEDC004B6C2E /* Grid.swift in Sources */,
			);
			runOnlyForDeploymentPostprocessing = 0;
		};
/* End PBXSourcesBuildPhase section */

/* Begin PBXVariantGroup section */
		F1D74A7B2494444200706DAD /* LaunchScreen.storyboard */ = {
			isa = PBXVariantGroup;
			children = (
				F1D74A7C2494444200706DAD /* Base */,
			);
			name = LaunchScreen.storyboard;
			sourceTree = "<group>";
		};
/* End PBXVariantGroup section */

/* Begin XCBuildConfiguration section */
		F1D74A7F2494444200706DAD /* Debug */ = {
			isa = XCBuildConfiguration;
			buildSettings = {
				ALWAYS_SEARCH_USER_PATHS = NO;
				CLANG_ANALYZER_NONNULL = YES;
				CLANG_ANALYZER_NUMBER_OBJECT_CONVERSION = YES_AGGRESSIVE;
				CLANG_CXX_LANGUAGE_STANDARD = "gnu++14";
				CLANG_CXX_LIBRARY = "libc++";
				CLANG_ENABLE_MODULES = YES;
				CLANG_ENABLE_OBJC_ARC = YES;
				CLANG_ENABLE_OBJC_WEAK = YES;
				CLANG_WARN_BLOCK_CAPTURE_AUTORELEASING = YES;
				CLANG_WARN_BOOL_CONVERSION = YES;
				CLANG_WARN_COMMA = YES;
				CLANG_WARN_CONSTANT_CONVERSION = YES;
				CLANG_WARN_DEPRECATED_OBJC_IMPLEMENTATIONS = YES;
				CLANG_WARN_DIRECT_OBJC_ISA_USAGE = YES_ERROR;
				CLANG_WARN_DOCUMENTATION_COMMENTS = YES;
				CLANG_WARN_EMPTY_BODY = YES;
				CLANG_WARN_ENUM_CONVERSION = YES;
				CLANG_WARN_INFINITE_RECURSION = YES;
				CLANG_WARN_INT_CONVERSION = YES;
				CLANG_WARN_NON_LITERAL_NULL_CONVERSION = YES;
				CLANG_WARN_OBJC_IMPLICIT_RETAIN_SELF = YES;
				CLANG_WARN_OBJC_LITERAL_CONVERSION = YES;
				CLANG_WARN_OBJC_ROOT_CLASS = YES_ERROR;
				CLANG_WARN_RANGE_LOOP_ANALYSIS = YES;
				CLANG_WARN_STRICT_PROTOTYPES = YES;
				CLANG_WARN_SUSPICIOUS_MOVE = YES;
				CLANG_WARN_UNGUARDED_AVAILABILITY = YES_AGGRESSIVE;
				CLANG_WARN_UNREACHABLE_CODE = YES;
				CLANG_WARN__DUPLICATE_METHOD_MATCH = YES;
				COPY_PHASE_STRIP = NO;
				DEBUG_INFORMATION_FORMAT = dwarf;
				ENABLE_STRICT_OBJC_MSGSEND = YES;
				ENABLE_TESTABILITY = YES;
				GCC_C_LANGUAGE_STANDARD = gnu11;
				GCC_DYNAMIC_NO_PIC = NO;
				GCC_NO_COMMON_BLOCKS = YES;
				GCC_OPTIMIZATION_LEVEL = 0;
				GCC_PREPROCESSOR_DEFINITIONS = (
					"DEBUG=1",
					"$(inherited)",
				);
				GCC_WARN_64_TO_32_BIT_CONVERSION = YES;
				GCC_WARN_ABOUT_RETURN_TYPE = YES_ERROR;
				GCC_WARN_UNDECLARED_SELECTOR = YES;
				GCC_WARN_UNINITIALIZED_AUTOS = YES_AGGRESSIVE;
				GCC_WARN_UNUSED_FUNCTION = YES;
				GCC_WARN_UNUSED_VARIABLE = YES;
				IPHONEOS_DEPLOYMENT_TARGET = 13.5;
				MTL_ENABLE_DEBUG_INFO = INCLUDE_SOURCE;
				MTL_FAST_MATH = YES;
				ONLY_ACTIVE_ARCH = YES;
				SDKROOT = iphoneos;
				SWIFT_ACTIVE_COMPILATION_CONDITIONS = DEBUG;
				SWIFT_OPTIMIZATION_LEVEL = "-Onone";
			};
			name = Debug;
		};
		F1D74A802494444200706DAD /* Release */ = {
			isa = XCBuildConfiguration;
			buildSettings = {
				ALWAYS_SEARCH_USER_PATHS = NO;
				CLANG_ANALYZER_NONNULL = YES;
				CLANG_ANALYZER_NUMBER_OBJECT_CONVERSION = YES_AGGRESSIVE;
				CLANG_CXX_LANGUAGE_STANDARD = "gnu++14";
				CLANG_CXX_LIBRARY = "libc++";
				CLANG_ENABLE_MODULES = YES;
				CLANG_ENABLE_OBJC_ARC = YES;
				CLANG_ENABLE_OBJC_WEAK = YES;
				CLANG_WARN_BLOCK_CAPTURE_AUTORELEASING = YES;
				CLANG_WARN_BOOL_CONVERSION = YES;
				CLANG_WARN_COMMA = YES;
				CLANG_WARN_CONSTANT_CONVERSION = YES;
				CLANG_WARN_DEPRECATED_OBJC_IMPLEMENTATIONS = YES;
				CLANG_WARN_DIRECT_OBJC_ISA_USAGE = YES_ERROR;
				CLANG_WARN_DOCUMENTATION_COMMENTS = YES;
				CLANG_WARN_EMPTY_BODY = YES;
				CLANG_WARN_ENUM_CONVERSION = YES;
				CLANG_WARN_INFINITE_RECURSION = YES;
				CLANG_WARN_INT_CONVERSION = YES;
				CLANG_WARN_NON_LITERAL_NULL_CONVERSION = YES;
				CLANG_WARN_OBJC_IMPLICIT_RETAIN_SELF = YES;
				CLANG_WARN_OBJC_LITERAL_CONVERSION = YES;
				CLANG_WARN_OBJC_ROOT_CLASS = YES_ERROR;
				CLANG_WARN_RANGE_LOOP_ANALYSIS = YES;
				CLANG_WARN_STRICT_PROTOTYPES = YES;
				CLANG_WARN_SUSPICIOUS_MOVE = YES;
				CLANG_WARN_UNGUARDED_AVAILABILITY = YES_AGGRESSIVE;
				CLANG_WARN_UNREACHABLE_CODE = YES;
				CLANG_WARN__DUPLICATE_METHOD_MATCH = YES;
				COPY_PHASE_STRIP = NO;
				DEBUG_INFORMATION_FORMAT = "dwarf-with-dsym";
				ENABLE_NS_ASSERTIONS = NO;
				ENABLE_STRICT_OBJC_MSGSEND = YES;
				GCC_C_LANGUAGE_STANDARD = gnu11;
				GCC_NO_COMMON_BLOCKS = YES;
				GCC_WARN_64_TO_32_BIT_CONVERSION = YES;
				GCC_WARN_ABOUT_RETURN_TYPE = YES_ERROR;
				GCC_WARN_UNDECLARED_SELECTOR = YES;
				GCC_WARN_UNINITIALIZED_AUTOS = YES_AGGRESSIVE;
				GCC_WARN_UNUSED_FUNCTION = YES;
				GCC_WARN_UNUSED_VARIABLE = YES;
				IPHONEOS_DEPLOYMENT_TARGET = 13.5;
				MTL_ENABLE_DEBUG_INFO = NO;
				MTL_FAST_MATH = YES;
				SDKROOT = iphoneos;
				SWIFT_COMPILATION_MODE = wholemodule;
				SWIFT_OPTIMIZATION_LEVEL = "-O";
				VALIDATE_PRODUCT = YES;
			};
			name = Release;
		};
		F1D74A822494444200706DAD /* Debug */ = {
			isa = XCBuildConfiguration;
			buildSettings = {
				ASSETCATALOG_COMPILER_APPICON_NAME = AppIcon;
				CODE_SIGN_ENTITLEMENTS = Memorize/Memorize.entitlements;
				CODE_SIGN_STYLE = Automatic;
				DEVELOPMENT_ASSET_PATHS = "Memorize/Preview\\ Content/Preview\\ Assets.xcassets";
				DEVELOPMENT_TEAM = 32M58UCF8N;
				ENABLE_PREVIEWS = YES;
				INFOPLIST_FILE = Memorize/Info.plist;
				LD_RUNPATH_SEARCH_PATHS = (
					"$(inherited)",
					"@executable_path/Frameworks",
				);
				PRODUCT_BUNDLE_IDENTIFIER = Suica.Memorize;
				PRODUCT_NAME = Memorize;
				SUPPORTS_MACCATALYST = YES;
				SWIFT_VERSION = 5.0;
				TARGETED_DEVICE_FAMILY = "1,2";
			};
			name = Debug;
		};
		F1D74A832494444200706DAD /* Release */ = {
			isa = XCBuildConfiguration;
			buildSettings = {
				ASSETCATALOG_COMPILER_APPICON_NAME = AppIcon;
				CODE_SIGN_ENTITLEMENTS = Memorize/Memorize.entitlements;
				CODE_SIGN_STYLE = Automatic;
				DEVELOPMENT_ASSET_PATHS = "Memorize/Preview\\ Content/Preview\\ Assets.xcassets";
				DEVELOPMENT_TEAM = 32M58UCF8N;
				ENABLE_PREVIEWS = YES;
				INFOPLIST_FILE = Memorize/Info.plist;
				LD_RUNPATH_SEARCH_PATHS = (
					"$(inherited)",
					"@executable_path/Frameworks",
				);
				PRODUCT_BUNDLE_IDENTIFIER = Suica.Memorize;
				PRODUCT_NAME = Memorize;
				SUPPORTS_MACCATALYST = YES;
				SWIFT_VERSION = 5.0;
				TARGETED_DEVICE_FAMILY = "1,2";
			};
			name = Release;
		};
/* End XCBuildConfiguration section */

/* Begin XCConfigurationList section */
		F1D74A682494444100706DAD /* Build configuration list for PBXProject "Memorize" */ = {
			isa = XCConfigurationList;
			buildConfigurations = (
				F1D74A7F2494444200706DAD /* Debug */,
				F1D74A802494444200706DAD /* Release */,
			);
			defaultConfigurationIsVisible = 0;
			defaultConfigurationName = Release;
		};
		F1D74A812494444200706DAD /* Build configuration list for PBXNativeTarget "Memorize" */ = {
			isa = XCConfigurationList;
			buildConfigurations = (
				F1D74A822494444200706DAD /* Debug */,
				F1D74A832494444200706DAD /* Release */,
			);
			defaultConfigurationIsVisible = 0;
			defaultConfigurationName = Release;
		};
/* End XCConfigurationList section */
	};
	rootObject = F1D74A652494444100706DAD /* Project object */;
}
